
Microsoft Visual Studio Solution File, Format Version 12.00
# Visual Studio Version 16
VisualStudioVersion = 16.0.31129.286
MinimumVisualStudioVersion = 10.0.40219.1
Project("{FAE04EC0-301F-11D3-BF4B-00C04F79EFBC}") = "Compra_Produtos", "Compra_Produtos\Compra_Produtos.csproj", "{B239DFA0-958D-4446-9CB4-7935F0989888}"
EndProject
Global
	GlobalSection(SolutionConfigurationPlatforms) = preSolution
		Debug|Any CPU = Debug|Any CPU
		Release|Any CPU = Release|Any CPU
	EndGlobalSection
	GlobalSection(ProjectConfigurationPlatforms) = postSolution
		{B239DFA0-958D-4446-9CB4-7935F0989888}.Debug|Any CPU.ActiveCfg = Debug|Any CPU
		{B239DFA0-958D-4446-9CB4-7935F0989888}.Debug|Any CPU.Build.0 = Debug|Any CPU
		{B239DFA0-958D-4446-9CB4-7935F0989888}.Release|Any CPU.ActiveCfg = Release|Any CPU
		{B239DFA0-958D-4446-9CB4-7935F0989888}.Release|Any CPU.Build.0 = Release|Any CPU
	EndGlobalSection
	GlobalSection(SolutionProperties) = preSolution
		HideSolutionNode = FALSE
	EndGlobalSection
	GlobalSection(ExtensibilityGlobals) = postSolution
		SolutionGuid = {431A0F65-91BC-4E97-B61F-A46AAAC8E3F8}
	EndGlobalSection
EndGlobal
